
Microsoft Visual Studio Solution File, Format Version 12.00
# Visual Studio 15
Project("{FAE04EC0-301F-11D3-BF4B-00C04F79EFBC}") = "Assembly-CSharp", "Assembly-CSharp.csproj", "{D6B381DE-6042-0094-E4CA-0CED0F1E008F}"
EndProject
Project("{FAE04EC0-301F-11D3-BF4B-00C04F79EFBC}") = "Assembly-CSharp-firstpass", "Assembly-CSharp-firstpass.csproj", "{DC839737-D5A0-6DA2-5B25-EF96B4FE7F77}"
EndProject
Project("{FAE04EC0-301F-11D3-BF4B-00C04F79EFBC}") = "Coffee.UIParticle", "Coffee.UIParticle.csproj", "{8EDE7727-D90E-42DE-0D6A-CFFCD47D5122}"
EndProject
Project("{FAE04EC0-301F-11D3-BF4B-00C04F79EFBC}") = "PhotonWebSocket", "PhotonWebSocket.csproj", "{908F8121-CE12-6E2A-DAE8-B299CE669F7F}"
EndProject
Project("{FAE04EC0-301F-11D3-BF4B-00C04F79EFBC}") = "Assembly-CSharp-Editor", "Assembly-CSharp-Editor.csproj", "{8FA58D54-912D-1E91-0931-4A7AA99C4F00}"
EndProject
Project("{FAE04EC0-301F-11D3-BF4B-00C04F79EFBC}") = "Assembly-CSharp-Editor-firstpass", "Assembly-CSharp-Editor-firstpass.csproj", "{196B89A8-639C-D3E2-89FA-03F2D4CCE61A}"
EndProject
Project("{FAE04EC0-301F-11D3-BF4B-00C04F79EFBC}") = "Coffee.UIParticle.Editor", "Coffee.UIParticle.Editor.csproj", "{9A5EBDB9-5724-1514-5F31-EAC284851A53}"
EndProject
Global
	GlobalSection(SolutionConfigurationPlatforms) = preSolution
		Debug|Any CPU = Debug|Any CPU
		Release|Any CPU = Release|Any CPU
	EndGlobalSection
	GlobalSection(ProjectConfigurationPlatforms) = postSolution
		{D6B381DE-6042-0094-E4CA-0CED0F1E008F}.Debug|Any CPU.ActiveCfg = Debug|Any CPU
		{D6B381DE-6042-0094-E4CA-0CED0F1E008F}.Debug|Any CPU.Build.0 = Debug|Any CPU
		{D6B381DE-6042-0094-E4CA-0CED0F1E008F}.Release|Any CPU.ActiveCfg = Release|Any CPU
		{D6B381DE-6042-0094-E4CA-0CED0F1E008F}.Release|Any CPU.Build.0 = Release|Any CPU
		{DC839737-D5A0-6DA2-5B25-EF96B4FE7F77}.Debug|Any CPU.ActiveCfg = Debug|Any CPU
		{DC839737-D5A0-6DA2-5B25-EF96B4FE7F77}.Debug|Any CPU.Build.0 = Debug|Any CPU
		{DC839737-D5A0-6DA2-5B25-EF96B4FE7F77}.Release|Any CPU.ActiveCfg = Release|Any CPU
		{DC839737-D5A0-6DA2-5B25-EF96B4FE7F77}.Release|Any CPU.Build.0 = Release|Any CPU
		{8EDE7727-D90E-42DE-0D6A-CFFCD47D5122}.Debug|Any CPU.ActiveCfg = Debug|Any CPU
		{8EDE7727-D90E-42DE-0D6A-CFFCD47D5122}.Debug|Any CPU.Build.0 = Debug|Any CPU
		{8EDE7727-D90E-42DE-0D6A-CFFCD47D5122}.Release|Any CPU.ActiveCfg = Release|Any CPU
		{8EDE7727-D90E-42DE-0D6A-CFFCD47D5122}.Release|Any CPU.Build.0 = Release|Any CPU
		{908F8121-CE12-6E2A-DAE8-B299CE669F7F}.Debug|Any CPU.ActiveCfg = Debug|Any CPU
		{908F8121-CE12-6E2A-DAE8-B299CE669F7F}.Debug|Any CPU.Build.0 = Debug|Any CPU
		{908F8121-CE12-6E2A-DAE8-B299CE669F7F}.Release|Any CPU.ActiveCfg = Release|Any CPU
		{908F8121-CE12-6E2A-DAE8-B299CE669F7F}.Release|Any CPU.Build.0 = Release|Any CPU
		{8FA58D54-912D-1E91-0931-4A7AA99C4F00}.Debug|Any CPU.ActiveCfg = Debug|Any CPU
		{8FA58D54-912D-1E91-0931-4A7AA99C4F00}.Debug|Any CPU.Build.0 = Debug|Any CPU
		{8FA58D54-912D-1E91-0931-4A7AA99C4F00}.Release|Any CPU.ActiveCfg = Release|Any CPU
		{8FA58D54-912D-1E91-0931-4A7AA99C4F00}.Release|Any CPU.Build.0 = Release|Any CPU
		{196B89A8-639C-D3E2-89FA-03F2D4CCE61A}.Debug|Any CPU.ActiveCfg = Debug|Any CPU
		{196B89A8-639C-D3E2-89FA-03F2D4CCE61A}.Debug|Any CPU.Build.0 = Debug|Any CPU
		{196B89A8-639C-D3E2-89FA-03F2D4CCE61A}.Release|Any CPU.ActiveCfg = Release|Any CPU
		{196B89A8-639C-D3E2-89FA-03F2D4CCE61A}.Release|Any CPU.Build.0 = Release|Any CPU
		{9A5EBDB9-5724-1514-5F31-EAC284851A53}.Debug|Any CPU.ActiveCfg = Debug|Any CPU
		{9A5EBDB9-5724-1514-5F31-EAC284851A53}.Debug|Any CPU.Build.0 = Debug|Any CPU
		{9A5EBDB9-5724-1514-5F31-EAC284851A53}.Release|Any CPU.ActiveCfg = Release|Any CPU
		{9A5EBDB9-5724-1514-5F31-EAC284851A53}.Release|Any CPU.Build.0 = Release|Any CPU
	EndGlobalSection
	GlobalSection(SolutionProperties) = preSolution
		HideSolutionNode = FALSE
	EndGlobalSection
EndGlobal
